// !$*UTF8*$!
{
	archiveVersion = 1;
	classes = {
	};
	objectVersion = 46;
	objects = {

/* Begin PBXBuildFile section */
		3BA7BF2F220FCFA5A714ED7A /* Pods_GameApp.framework in Frameworks */ = {isa = PBXBuildFile; fileRef = 8BE4A1211120E05C0FDB2A04 /* Pods_GameApp.framework */; };
		929B64941C0E7B4F002D7E41 /* OrcBuilding.swift in Sources */ = {isa = PBXBuildFile; fileRef = 929B64931C0E7B4F002D7E41 /* OrcBuilding.swift */; };
		929B64961C0E7BE2002D7E41 /* Spawner.swift in Sources */ = {isa = PBXBuildFile; fileRef = 929B64951C0E7BE2002D7E41 /* Spawner.swift */; };
		929B64981C0E7C80002D7E41 /* AttackerPowerSource.swift in Sources */ = {isa = PBXBuildFile; fileRef = 929B64971C0E7C80002D7E41 /* AttackerPowerSource.swift */; };
		929B649A1C0E7CE7002D7E41 /* GoblinBuilding.swift in Sources */ = {isa = PBXBuildFile; fileRef = 929B64991C0E7CE7002D7E41 /* GoblinBuilding.swift */; };
		929B649C1C0E7D16002D7E41 /* TrollBuilding.swift in Sources */ = {isa = PBXBuildFile; fileRef = 929B649B1C0E7D16002D7E41 /* TrollBuilding.swift */; };
		929B649E1C0F45DB002D7E41 /* Troll.swift in Sources */ = {isa = PBXBuildFile; fileRef = 929B649D1C0F45DB002D7E41 /* Troll.swift */; };
		929B64A01C0F4665002D7E41 /* Goblin.swift in Sources */ = {isa = PBXBuildFile; fileRef = 929B649F1C0F4665002D7E41 /* Goblin.swift */; };
		A378E0771C0BB28100791979 /* DefenderPowerSource.swift in Sources */ = {isa = PBXBuildFile; fileRef = A378E0761C0BB28100791979 /* DefenderPowerSource.swift */; };
		A378E0791C0CE5C300791979 /* RegularTower.swift in Sources */ = {isa = PBXBuildFile; fileRef = A378E0781C0CE5C300791979 /* RegularTower.swift */; };
		A378E07B1C0CEDAB00791979 /* FireTower.swift in Sources */ = {isa = PBXBuildFile; fileRef = A378E07A1C0CEDAB00791979 /* FireTower.swift */; };
		A378E07D1C0CEDF900791979 /* IceTower.swift in Sources */ = {isa = PBXBuildFile; fileRef = A378E07C1C0CEDF900791979 /* IceTower.swift */; };
		CE07140A1C065BE50062EEBF /* DirtyPig.swift in Sources */ = {isa = PBXBuildFile; fileRef = CE0714091C065BE50062EEBF /* DirtyPig.swift */; };
		CE07140F1C065C2E0062EEBF /* HatPig.swift in Sources */ = {isa = PBXBuildFile; fileRef = CE07140E1C065C2E0062EEBF /* HatPig.swift */; };
		CE0F00D41C0E23AE003EA598 /* CannonBall.swift in Sources */ = {isa = PBXBuildFile; fileRef = CE0F00D31C0E23AE003EA598 /* CannonBall.swift */; };
		CE0F00D91C0E23B6003EA598 /* FireBall.swift in Sources */ = {isa = PBXBuildFile; fileRef = CE0F00D81C0E23B6003EA598 /* FireBall.swift */; };
		CE0F00DB1C0E23C3003EA598 /* IceBolt.swift in Sources */ = {isa = PBXBuildFile; fileRef = CE0F00DA1C0E23C3003EA598 /* IceBolt.swift */; };
		CE1C89DF1C0EDA0F00522C4F /* FlagDown.swift in Sources */ = {isa = PBXBuildFile; fileRef = CE1C89DE1C0EDA0F00522C4F /* FlagDown.swift */; };
		CE1C89E41C0EDB1600522C4F /* FlagUp.swift in Sources */ = {isa = PBXBuildFile; fileRef = CE1C89E31C0EDB1600522C4F /* FlagUp.swift */; };
		CE1C89EB1C0F4F9E00522C4F /* PowerSource.swift in Sources */ = {isa = PBXBuildFile; fileRef = CE1C89EA1C0F4F9E00522C4F /* PowerSource.swift */; };
		CE1C89ED1C0F97D600522C4F /* Animation.swift in Sources */ = {isa = PBXBuildFile; fileRef = CE1C89EC1C0F97D600522C4F /* Animation.swift */; };
		CE6BF5B91C0D285800E7A79F /* Map.json in Resources */ = {isa = PBXBuildFile; fileRef = CE6BF5B81C0D285800E7A79F /* Map.json */; };
		CE6EAE781BD889300004DAD8 /* AppDelegate.swift in Sources */ = {isa = PBXBuildFile; fileRef = CE6EAE771BD889300004DAD8 /* AppDelegate.swift */; };
		CE6EAE7A1BD889300004DAD8 /* MainMenuScene.sks in Resources */ = {isa = PBXBuildFile; fileRef = CE6EAE791BD889300004DAD8 /* MainMenuScene.sks */; };
		CE6EAE7C1BD889300004DAD8 /* MainMenuScene.swift in Sources */ = {isa = PBXBuildFile; fileRef = CE6EAE7B1BD889300004DAD8 /* MainMenuScene.swift */; };
		CE6EAE7E1BD889300004DAD8 /* GameViewController.swift in Sources */ = {isa = PBXBuildFile; fileRef = CE6EAE7D1BD889300004DAD8 /* GameViewController.swift */; };
		CE6EAE811BD889300004DAD8 /* Main.storyboard in Resources */ = {isa = PBXBuildFile; fileRef = CE6EAE7F1BD889300004DAD8 /* Main.storyboard */; };
		CE6EAE831BD889300004DAD8 /* Assets.xcassets in Resources */ = {isa = PBXBuildFile; fileRef = CE6EAE821BD889300004DAD8 /* Assets.xcassets */; };
		CE6EAE861BD889300004DAD8 /* LaunchScreen.storyboard in Resources */ = {isa = PBXBuildFile; fileRef = CE6EAE841BD889300004DAD8 /* LaunchScreen.storyboard */; };
		CE6EAE911BD889300004DAD8 /* GameAppTests.swift in Sources */ = {isa = PBXBuildFile; fileRef = CE6EAE901BD889300004DAD8 /* GameAppTests.swift */; };
		CE6EAE9C1BD88A3A0004DAD8 /* GameScene.swift in Sources */ = {isa = PBXBuildFile; fileRef = CE6EAE9B1BD88A3A0004DAD8 /* GameScene.swift */; };
		CE6EAEA11BD89B670004DAD8 /* GameScene.sks in Resources */ = {isa = PBXBuildFile; fileRef = CE6EAE9F1BD89A960004DAD8 /* GameScene.sks */; };
		CE7B44621C62813400FCA46E /* NetworkableScene.swift in Sources */ = {isa = PBXBuildFile; fileRef = CE7B44611C62813400FCA46E /* NetworkableScene.swift */; };
		CE7B44691C6281D000FCA46E /* NetMessage.swift in Sources */ = {isa = PBXBuildFile; fileRef = CE7B44681C6281D000FCA46E /* NetMessage.swift */; };
		CE7B446C1C6282FB00FCA46E /* LogInMsg.swift in Sources */ = {isa = PBXBuildFile; fileRef = CE7B446B1C6282FB00FCA46E /* LogInMsg.swift */; };
		CE7B446E1C62848600FCA46E /* NetworkSinglton.swift in Sources */ = {isa = PBXBuildFile; fileRef = CE7B446D1C62848600FCA46E /* NetworkSinglton.swift */; };
		CE8ED8C21C06437F008CB40B /* FancyPig.swift in Sources */ = {isa = PBXBuildFile; fileRef = CE8ED8C11C06437F008CB40B /* FancyPig.swift */; };
		CE8ED8CA1C064604008CB40B /* ButtonManager.swift in Sources */ = {isa = PBXBuildFile; fileRef = CE8ED8C91C064604008CB40B /* ButtonManager.swift */; };
		CE8ED8CD1C0650C7008CB40B /* Pig.swift in Sources */ = {isa = PBXBuildFile; fileRef = CE8ED8CC1C0650C7008CB40B /* Pig.swift */; };
		CE8ED8CF1C0651A1008CB40B /* PigMoveComponent.swift in Sources */ = {isa = PBXBuildFile; fileRef = CE8ED8CE1C0651A1008CB40B /* PigMoveComponent.swift */; };
		CE98B4571C6BD83200C90E79 /* NewBuilding.swift in Sources */ = {isa = PBXBuildFile; fileRef = CE98B4561C6BD83200C90E79 /* NewBuilding.swift */; };
		CE9A764D1BE702D100DDBF11 /* Tile.swift in Sources */ = {isa = PBXBuildFile; fileRef = CE9A764C1BE702D100DDBF11 /* Tile.swift */; };
		CE9A76541BE7547300DDBF11 /* Unit.swift in Sources */ = {isa = PBXBuildFile; fileRef = CE9A76531BE7547300DDBF11 /* Unit.swift */; };
		CE9A76571BE754BF00DDBF11 /* MovementComponent.swift in Sources */ = {isa = PBXBuildFile; fileRef = CE9A76561BE754BF00DDBF11 /* MovementComponent.swift */; };
		CE9A76591BE755EC00DDBF11 /* VisualComponent.swift in Sources */ = {isa = PBXBuildFile; fileRef = CE9A76581BE755EC00DDBF11 /* VisualComponent.swift */; };
		CED264FA1BE765420022C033 /* Orc.swift in Sources */ = {isa = PBXBuildFile; fileRef = CED264F91BE765420022C033 /* Orc.swift */; };
		CED264FC1BE76EB30022C033 /* GridComponent.swift in Sources */ = {isa = PBXBuildFile; fileRef = CED264FB1BE76EB30022C033 /* GridComponent.swift */; };
		CED264FE1BE772940022C033 /* AttackerTile.swift in Sources */ = {isa = PBXBuildFile; fileRef = CED264FD1BE772940022C033 /* AttackerTile.swift */; };
		CED265001BE772A00022C033 /* DefenderTile.swift in Sources */ = {isa = PBXBuildFile; fileRef = CED264FF1BE772A00022C033 /* DefenderTile.swift */; };
		CED265021BE772AA0022C033 /* MazeTile.swift in Sources */ = {isa = PBXBuildFile; fileRef = CED265011BE772AA0022C033 /* MazeTile.swift */; };
		CED265041BE772C30022C033 /* NonUsableTile.swift in Sources */ = {isa = PBXBuildFile; fileRef = CED265031BE772C30022C033 /* NonUsableTile.swift */; };
		CED265061BE773930022C033 /* TileType.swift in Sources */ = {isa = PBXBuildFile; fileRef = CED265051BE773930022C033 /* TileType.swift */; };
		CED265081BE774040022C033 /* TileOpts.swift in Sources */ = {isa = PBXBuildFile; fileRef = CED265071BE774040022C033 /* TileOpts.swift */; };
		CED2650A1BE77D310022C033 /* GoalTile.swift in Sources */ = {isa = PBXBuildFile; fileRef = CED265091BE77D310022C033 /* GoalTile.swift */; };
		CED265121BE92B880022C033 /* Building.swift in Sources */ = {isa = PBXBuildFile; fileRef = CED265111BE92B880022C033 /* Building.swift */; };
		CED265181BE932DD0022C033 /* GameEntity.swift in Sources */ = {isa = PBXBuildFile; fileRef = CED265171BE932DD0022C033 /* GameEntity.swift */; };
		CED2651A1BE934C60022C033 /* TowerShootComponent.swift in Sources */ = {isa = PBXBuildFile; fileRef = CED265191BE934C60022C033 /* TowerShootComponent.swift */; };
		CED2651C1BE93A990022C033 /* Tower.swift in Sources */ = {isa = PBXBuildFile; fileRef = CED2651B1BE93A990022C033 /* Tower.swift */; };
		CEE4AAB51C07BD3B00E64784 /* Ammo.swift in Sources */ = {isa = PBXBuildFile; fileRef = CEE4AAB41C07BD3B00E64784 /* Ammo.swift */; };
		CEF8858C1C69B74E00C7A793 /* LogInRequestMsg.swift in Sources */ = {isa = PBXBuildFile; fileRef = CEF8858B1C69B74E00C7A793 /* LogInRequestMsg.swift */; };
		CEF8858E1C69B76600C7A793 /* GameRole.swift in Sources */ = {isa = PBXBuildFile; fileRef = CEF8858D1C69B76600C7A793 /* GameRole.swift */; };
		CEF885901C69BCD800C7A793 /* GameMode.swift in Sources */ = {isa = PBXBuildFile; fileRef = CEF8858F1C69BCD800C7A793 /* GameMode.swift */; };
/* End PBXBuildFile section */

/* Begin PBXContainerItemProxy section */
		CE1988131C60B14D00CB80F3 /* PBXContainerItemProxy */ = {
			isa = PBXContainerItemProxy;
			containerPortal = CE8ED8B11C040DED008CB40B /* Pods.xcodeproj */;
			proxyType = 2;
			remoteGlobalIDString = 233BC83BBB48D1E9882D79E53D90913D;
			remoteInfo = Starscream;
		};
		CE6EAE8D1BD889300004DAD8 /* PBXContainerItemProxy */ = {
			isa = PBXContainerItemProxy;
			containerPortal = CE6EAE6C1BD889300004DAD8 /* Project object */;
			proxyType = 1;
			remoteGlobalIDString = CE6EAE731BD889300004DAD8;
			remoteInfo = GameApp;
		};
		CE8ED8B91C040DED008CB40B /* PBXContainerItemProxy */ = {
			isa = PBXContainerItemProxy;
			containerPortal = CE8ED8B11C040DED008CB40B /* Pods.xcodeproj */;
			proxyType = 2;
			remoteGlobalIDString = CFABCC9B63701D3AE44833D0A602D0C4;
			remoteInfo = "Pods-GameApp";
		};
		CE8ED8BB1C040DED008CB40B /* PBXContainerItemProxy */ = {
			isa = PBXContainerItemProxy;
			containerPortal = CE8ED8B11C040DED008CB40B /* Pods.xcodeproj */;
			proxyType = 2;
			remoteGlobalIDString = E434B0FDE9C3EBB93235BB1147BF91C9;
			remoteInfo = SwiftyJSON;
		};
/* End PBXContainerItemProxy section */

/* Begin PBXFileReference section */
		48476AA86ED0656B97F1DE63 /* Pods-GameApp.debug.xcconfig */ = {isa = PBXFileReference; includeInIndex = 1; lastKnownFileType = text.xcconfig; name = "Pods-GameApp.debug.xcconfig"; path = "Pods/Target Support Files/Pods-GameApp/Pods-GameApp.debug.xcconfig"; sourceTree = "<group>"; };
		56A704EA20C919B5C0A9879B /* Pods-GameApp.release.xcconfig */ = {isa = PBXFileReference; includeInIndex = 1; lastKnownFileType = text.xcconfig; name = "Pods-GameApp.release.xcconfig"; path = "Pods/Target Support Files/Pods-GameApp/Pods-GameApp.release.xcconfig"; sourceTree = "<group>"; };
		8BE4A1211120E05C0FDB2A04 /* Pods_GameApp.framework */ = {isa = PBXFileReference; explicitFileType = wrapper.framework; includeInIndex = 0; path = Pods_GameApp.framework; sourceTree = BUILT_PRODUCTS_DIR; };
		929B64931C0E7B4F002D7E41 /* OrcBuilding.swift */ = {isa = PBXFileReference; fileEncoding = 4; lastKnownFileType = sourcecode.swift; path = OrcBuilding.swift; sourceTree = "<group>"; };
		929B64951C0E7BE2002D7E41 /* Spawner.swift */ = {isa = PBXFileReference; fileEncoding = 4; lastKnownFileType = sourcecode.swift; path = Spawner.swift; sourceTree = "<group>"; };
		929B64971C0E7C80002D7E41 /* AttackerPowerSource.swift */ = {isa = PBXFileReference; fileEncoding = 4; lastKnownFileType = sourcecode.swift; path = AttackerPowerSource.swift; sourceTree = "<group>"; };
		929B64991C0E7CE7002D7E41 /* GoblinBuilding.swift */ = {isa = PBXFileReference; fileEncoding = 4; lastKnownFileType = sourcecode.swift; path = GoblinBuilding.swift; sourceTree = "<group>"; };
		929B649B1C0E7D16002D7E41 /* TrollBuilding.swift */ = {isa = PBXFileReference; fileEncoding = 4; lastKnownFileType = sourcecode.swift; path = TrollBuilding.swift; sourceTree = "<group>"; };
		929B649D1C0F45DB002D7E41 /* Troll.swift */ = {isa = PBXFileReference; fileEncoding = 4; lastKnownFileType = sourcecode.swift; path = Troll.swift; sourceTree = "<group>"; };
		929B649F1C0F4665002D7E41 /* Goblin.swift */ = {isa = PBXFileReference; fileEncoding = 4; lastKnownFileType = sourcecode.swift; path = Goblin.swift; sourceTree = "<group>"; };
		A378E0761C0BB28100791979 /* DefenderPowerSource.swift */ = {isa = PBXFileReference; fileEncoding = 4; lastKnownFileType = sourcecode.swift; path = DefenderPowerSource.swift; sourceTree = "<group>"; };
		A378E0781C0CE5C300791979 /* RegularTower.swift */ = {isa = PBXFileReference; fileEncoding = 4; lastKnownFileType = sourcecode.swift; path = RegularTower.swift; sourceTree = "<group>"; };
		A378E07A1C0CEDAB00791979 /* FireTower.swift */ = {isa = PBXFileReference; fileEncoding = 4; lastKnownFileType = sourcecode.swift; path = FireTower.swift; sourceTree = "<group>"; };
		A378E07C1C0CEDF900791979 /* IceTower.swift */ = {isa = PBXFileReference; fileEncoding = 4; lastKnownFileType = sourcecode.swift; path = IceTower.swift; sourceTree = "<group>"; };
		CE0714091C065BE50062EEBF /* DirtyPig.swift */ = {isa = PBXFileReference; fileEncoding = 4; lastKnownFileType = sourcecode.swift; path = DirtyPig.swift; sourceTree = "<group>"; };
		CE07140E1C065C2E0062EEBF /* HatPig.swift */ = {isa = PBXFileReference; fileEncoding = 4; lastKnownFileType = sourcecode.swift; path = HatPig.swift; sourceTree = "<group>"; };
		CE0F00D31C0E23AE003EA598 /* CannonBall.swift */ = {isa = PBXFileReference; fileEncoding = 4; lastKnownFileType = sourcecode.swift; path = CannonBall.swift; sourceTree = "<group>"; };
		CE0F00D81C0E23B6003EA598 /* FireBall.swift */ = {isa = PBXFileReference; fileEncoding = 4; lastKnownFileType = sourcecode.swift; path = FireBall.swift; sourceTree = "<group>"; };
		CE0F00DA1C0E23C3003EA598 /* IceBolt.swift */ = {isa = PBXFileReference; fileEncoding = 4; lastKnownFileType = sourcecode.swift; path = IceBolt.swift; sourceTree = "<group>"; };
		CE1C89DE1C0EDA0F00522C4F /* FlagDown.swift */ = {isa = PBXFileReference; fileEncoding = 4; lastKnownFileType = sourcecode.swift; path = FlagDown.swift; sourceTree = "<group>"; };
		CE1C89E31C0EDB1600522C4F /* FlagUp.swift */ = {isa = PBXFileReference; fileEncoding = 4; lastKnownFileType = sourcecode.swift; path = FlagUp.swift; sourceTree = "<group>"; };
		CE1C89EA1C0F4F9E00522C4F /* PowerSource.swift */ = {isa = PBXFileReference; fileEncoding = 4; lastKnownFileType = sourcecode.swift; path = PowerSource.swift; sourceTree = "<group>"; };
		CE1C89EC1C0F97D600522C4F /* Animation.swift */ = {isa = PBXFileReference; fileEncoding = 4; lastKnownFileType = sourcecode.swift; path = Animation.swift; sourceTree = "<group>"; };
		CE6BF5B81C0D285800E7A79F /* Map.json */ = {isa = PBXFileReference; fileEncoding = 4; lastKnownFileType = text.json; name = Map.json; path = ../Map.json; sourceTree = "<group>"; };
		CE6EAE741BD889300004DAD8 /* GameApp.app */ = {isa = PBXFileReference; explicitFileType = wrapper.application; includeInIndex = 0; path = GameApp.app; sourceTree = BUILT_PRODUCTS_DIR; };
		CE6EAE771BD889300004DAD8 /* AppDelegate.swift */ = {isa = PBXFileReference; lastKnownFileType = sourcecode.swift; path = AppDelegate.swift; sourceTree = "<group>"; };
		CE6EAE791BD889300004DAD8 /* MainMenuScene.sks */ = {isa = PBXFileReference; lastKnownFileType = file.sks; path = MainMenuScene.sks; sourceTree = "<group>"; };
		CE6EAE7B1BD889300004DAD8 /* MainMenuScene.swift */ = {isa = PBXFileReference; lastKnownFileType = sourcecode.swift; path = MainMenuScene.swift; sourceTree = "<group>"; };
		CE6EAE7D1BD889300004DAD8 /* GameViewController.swift */ = {isa = PBXFileReference; lastKnownFileType = sourcecode.swift; path = GameViewController.swift; sourceTree = "<group>"; };
		CE6EAE801BD889300004DAD8 /* Base */ = {isa = PBXFileReference; lastKnownFileType = file.storyboard; name = Base; path = Base.lproj/Main.storyboard; sourceTree = "<group>"; };
		CE6EAE821BD889300004DAD8 /* Assets.xcassets */ = {isa = PBXFileReference; lastKnownFileType = folder.assetcatalog; path = Assets.xcassets; sourceTree = "<group>"; };
		CE6EAE851BD889300004DAD8 /* Base */ = {isa = PBXFileReference; lastKnownFileType = file.storyboard; name = Base; path = Base.lproj/LaunchScreen.storyboard; sourceTree = "<group>"; };
		CE6EAE871BD889300004DAD8 /* Info.plist */ = {isa = PBXFileReference; lastKnownFileType = text.plist.xml; path = Info.plist; sourceTree = "<group>"; };
		CE6EAE8C1BD889300004DAD8 /* GameAppTests.xctest */ = {isa = PBXFileReference; explicitFileType = wrapper.cfbundle; includeInIndex = 0; path = GameAppTests.xctest; sourceTree = BUILT_PRODUCTS_DIR; };
		CE6EAE901BD889300004DAD8 /* GameAppTests.swift */ = {isa = PBXFileReference; lastKnownFileType = sourcecode.swift; path = GameAppTests.swift; sourceTree = "<group>"; };
		CE6EAE921BD889300004DAD8 /* Info.plist */ = {isa = PBXFileReference; lastKnownFileType = text.plist.xml; path = Info.plist; sourceTree = "<group>"; };
		CE6EAE9B1BD88A3A0004DAD8 /* GameScene.swift */ = {isa = PBXFileReference; fileEncoding = 4; lastKnownFileType = sourcecode.swift; path = GameScene.swift; sourceTree = "<group>"; };
		CE6EAE9F1BD89A960004DAD8 /* GameScene.sks */ = {isa = PBXFileReference; lastKnownFileType = file.sks; path = GameScene.sks; sourceTree = "<group>"; };
		CE7B44611C62813400FCA46E /* NetworkableScene.swift */ = {isa = PBXFileReference; fileEncoding = 4; lastKnownFileType = sourcecode.swift; path = NetworkableScene.swift; sourceTree = "<group>"; };
		CE7B44681C6281D000FCA46E /* NetMessage.swift */ = {isa = PBXFileReference; fileEncoding = 4; lastKnownFileType = sourcecode.swift; path = NetMessage.swift; sourceTree = "<group>"; };
		CE7B446B1C6282FB00FCA46E /* LogInMsg.swift */ = {isa = PBXFileReference; fileEncoding = 4; lastKnownFileType = sourcecode.swift; path = LogInMsg.swift; sourceTree = "<group>"; };
		CE7B446D1C62848600FCA46E /* NetworkSinglton.swift */ = {isa = PBXFileReference; fileEncoding = 4; lastKnownFileType = sourcecode.swift; path = NetworkSinglton.swift; sourceTree = "<group>"; };
		CE8ED8B11C040DED008CB40B /* Pods.xcodeproj */ = {isa = PBXFileReference; lastKnownFileType = "wrapper.pb-project"; name = Pods.xcodeproj; path = Pods/Pods.xcodeproj; sourceTree = "<group>"; };
		CE8ED8C11C06437F008CB40B /* FancyPig.swift */ = {isa = PBXFileReference; fileEncoding = 4; lastKnownFileType = sourcecode.swift; path = FancyPig.swift; sourceTree = "<group>"; };
		CE8ED8C91C064604008CB40B /* ButtonManager.swift */ = {isa = PBXFileReference; fileEncoding = 4; lastKnownFileType = sourcecode.swift; path = ButtonManager.swift; sourceTree = "<group>"; };
		CE8ED8CC1C0650C7008CB40B /* Pig.swift */ = {isa = PBXFileReference; fileEncoding = 4; lastKnownFileType = sourcecode.swift; path = Pig.swift; sourceTree = "<group>"; };
		CE8ED8CE1C0651A1008CB40B /* PigMoveComponent.swift */ = {isa = PBXFileReference; fileEncoding = 4; lastKnownFileType = sourcecode.swift; path = PigMoveComponent.swift; sourceTree = "<group>"; };
		CE98B4561C6BD83200C90E79 /* NewBuilding.swift */ = {isa = PBXFileReference; fileEncoding = 4; lastKnownFileType = sourcecode.swift; path = NewBuilding.swift; sourceTree = "<group>"; };
		CE9A764C1BE702D100DDBF11 /* Tile.swift */ = {isa = PBXFileReference; fileEncoding = 4; lastKnownFileType = sourcecode.swift; path = Tile.swift; sourceTree = "<group>"; };
		CE9A76531BE7547300DDBF11 /* Unit.swift */ = {isa = PBXFileReference; fileEncoding = 4; lastKnownFileType = sourcecode.swift; path = Unit.swift; sourceTree = "<group>"; };
		CE9A76561BE754BF00DDBF11 /* MovementComponent.swift */ = {isa = PBXFileReference; fileEncoding = 4; lastKnownFileType = sourcecode.swift; path = MovementComponent.swift; sourceTree = "<group>"; };
		CE9A76581BE755EC00DDBF11 /* VisualComponent.swift */ = {isa = PBXFileReference; fileEncoding = 4; lastKnownFileType = sourcecode.swift; path = VisualComponent.swift; sourceTree = "<group>"; };
		CED264F91BE765420022C033 /* Orc.swift */ = {isa = PBXFileReference; fileEncoding = 4; lastKnownFileType = sourcecode.swift; path = Orc.swift; sourceTree = "<group>"; };
		CED264FB1BE76EB30022C033 /* GridComponent.swift */ = {isa = PBXFileReference; fileEncoding = 4; lastKnownFileType = sourcecode.swift; path = GridComponent.swift; sourceTree = "<group>"; };
		CED264FD1BE772940022C033 /* AttackerTile.swift */ = {isa = PBXFileReference; fileEncoding = 4; lastKnownFileType = sourcecode.swift; path = AttackerTile.swift; sourceTree = "<group>"; };
		CED264FF1BE772A00022C033 /* DefenderTile.swift */ = {isa = PBXFileReference; fileEncoding = 4; lastKnownFileType = sourcecode.swift; path = DefenderTile.swift; sourceTree = "<group>"; };
		CED265011BE772AA0022C033 /* MazeTile.swift */ = {isa = PBXFileReference; fileEncoding = 4; lastKnownFileType = sourcecode.swift; path = MazeTile.swift; sourceTree = "<group>"; };
		CED265031BE772C30022C033 /* NonUsableTile.swift */ = {isa = PBXFileReference; fileEncoding = 4; lastKnownFileType = sourcecode.swift; path = NonUsableTile.swift; sourceTree = "<group>"; };
		CED265051BE773930022C033 /* TileType.swift */ = {isa = PBXFileReference; fileEncoding = 4; lastKnownFileType = sourcecode.swift; path = TileType.swift; sourceTree = "<group>"; };
		CED265071BE774040022C033 /* TileOpts.swift */ = {isa = PBXFileReference; fileEncoding = 4; lastKnownFileType = sourcecode.swift; path = TileOpts.swift; sourceTree = "<group>"; };
		CED265091BE77D310022C033 /* GoalTile.swift */ = {isa = PBXFileReference; fileEncoding = 4; lastKnownFileType = sourcecode.swift; path = GoalTile.swift; sourceTree = "<group>"; };
		CED265111BE92B880022C033 /* Building.swift */ = {isa = PBXFileReference; fileEncoding = 4; lastKnownFileType = sourcecode.swift; path = Building.swift; sourceTree = "<group>"; };
		CED265171BE932DD0022C033 /* GameEntity.swift */ = {isa = PBXFileReference; fileEncoding = 4; lastKnownFileType = sourcecode.swift; path = GameEntity.swift; sourceTree = "<group>"; };
		CED265191BE934C60022C033 /* TowerShootComponent.swift */ = {isa = PBXFileReference; fileEncoding = 4; lastKnownFileType = sourcecode.swift; path = TowerShootComponent.swift; sourceTree = "<group>"; };
		CED2651B1BE93A990022C033 /* Tower.swift */ = {isa = PBXFileReference; fileEncoding = 4; lastKnownFileType = sourcecode.swift; path = Tower.swift; sourceTree = "<group>"; };
		CEE4AAB41C07BD3B00E64784 /* Ammo.swift */ = {isa = PBXFileReference; fileEncoding = 4; lastKnownFileType = sourcecode.swift; path = Ammo.swift; sourceTree = "<group>"; };
		CEF8858B1C69B74E00C7A793 /* LogInRequestMsg.swift */ = {isa = PBXFileReference; fileEncoding = 4; lastKnownFileType = sourcecode.swift; path = LogInRequestMsg.swift; sourceTree = "<group>"; };
		CEF8858D1C69B76600C7A793 /* GameRole.swift */ = {isa = PBXFileReference; fileEncoding = 4; lastKnownFileType = sourcecode.swift; path = GameRole.swift; sourceTree = "<group>"; };
		CEF8858F1C69BCD800C7A793 /* GameMode.swift */ = {isa = PBXFileReference; fileEncoding = 4; lastKnownFileType = sourcecode.swift; path = GameMode.swift; sourceTree = "<group>"; };
/* End PBXFileReference section */

/* Begin PBXFrameworksBuildPhase section */
		CE6EAE711BD889300004DAD8 /* Frameworks */ = {
			isa = PBXFrameworksBuildPhase;
			buildActionMask = 2147483647;
			files = (
				3BA7BF2F220FCFA5A714ED7A /* Pods_GameApp.framework in Frameworks */,
			);
			runOnlyForDeploymentPostprocessing = 0;
		};
		CE6EAE891BD889300004DAD8 /* Frameworks */ = {
			isa = PBXFrameworksBuildPhase;
			buildActionMask = 2147483647;
			files = (
			);
			runOnlyForDeploymentPostprocessing = 0;
		};
/* End PBXFrameworksBuildPhase section */

/* Begin PBXGroup section */
		3E169E35B9450DC8BC4F6F6F /* Frameworks */ = {
			isa = PBXGroup;
			children = (
				CE8ED8B11C040DED008CB40B /* Pods.xcodeproj */,
				8BE4A1211120E05C0FDB2A04 /* Pods_GameApp.framework */,
			);
			name = Frameworks;
			sourceTree = "<group>";
		};
		57CEB74D65036F832A373C17 /* Pods */ = {
			isa = PBXGroup;
			children = (
				48476AA86ED0656B97F1DE63 /* Pods-GameApp.debug.xcconfig */,
				56A704EA20C919B5C0A9879B /* Pods-GameApp.release.xcconfig */,
			);
			name = Pods;
			sourceTree = "<group>";
		};
		929B648F1C0E7B27002D7E41 /* Spawners */ = {
			isa = PBXGroup;
			children = (
				929B64931C0E7B4F002D7E41 /* OrcBuilding.swift */,
				929B64991C0E7CE7002D7E41 /* GoblinBuilding.swift */,
				929B649B1C0E7D16002D7E41 /* TrollBuilding.swift */,
			);
			name = Spawners;
			sourceTree = "<group>";
		};
		CE1C89E61C0F4F7E00522C4F /* PowerSources */ = {
			isa = PBXGroup;
			children = (
				A378E0761C0BB28100791979 /* DefenderPowerSource.swift */,
				929B64971C0E7C80002D7E41 /* AttackerPowerSource.swift */,
			);
			name = PowerSources;
			sourceTree = "<group>";
		};
		CE5516A21C0D494E008F04A9 /* Towers */ = {
			isa = PBXGroup;
			children = (
				A378E0781C0CE5C300791979 /* RegularTower.swift */,
				A378E07A1C0CEDAB00791979 /* FireTower.swift */,
				A378E07C1C0CEDF900791979 /* IceTower.swift */,
			);
			name = Towers;
			sourceTree = "<group>";
		};
		CE6EAE6B1BD889300004DAD8 = {
			isa = PBXGroup;
			children = (
				CE6EAE761BD889300004DAD8 /* GameApp */,
				CE6EAE8F1BD889300004DAD8 /* GameAppTests */,
				CE6EAE751BD889300004DAD8 /* Products */,
				57CEB74D65036F832A373C17 /* Pods */,
				3E169E35B9450DC8BC4F6F6F /* Frameworks */,
			);
			sourceTree = "<group>";
		};
		CE6EAE751BD889300004DAD8 /* Products */ = {
			isa = PBXGroup;
			children = (
				CE6EAE741BD889300004DAD8 /* GameApp.app */,
				CE6EAE8C1BD889300004DAD8 /* GameAppTests.xctest */,
			);
			name = Products;
			sourceTree = "<group>";
		};
		CE6EAE761BD889300004DAD8 /* GameApp */ = {
			isa = PBXGroup;
			children = (
				CE7B44671C6281C400FCA46E /* Networking */,
				CE9A76551BE754B000DDBF11 /* Components */,
				CE9A76521BE7545E00DDBF11 /* Entities */,
				CE9A764B1BE702B000DDBF11 /* Tiles */,
				CE6BF5B81C0D285800E7A79F /* Map.json */,
				CE6EAE9B1BD88A3A0004DAD8 /* GameScene.swift */,
				CE6EAE9F1BD89A960004DAD8 /* GameScene.sks */,
				CE6EAE821BD889300004DAD8 /* Assets.xcassets */,
				CE6EAE771BD889300004DAD8 /* AppDelegate.swift */,
				CE6EAE791BD889300004DAD8 /* MainMenuScene.sks */,
				CE6EAE7B1BD889300004DAD8 /* MainMenuScene.swift */,
				CE6EAE7D1BD889300004DAD8 /* GameViewController.swift */,
				CE6EAE7F1BD889300004DAD8 /* Main.storyboard */,
				CE6EAE841BD889300004DAD8 /* LaunchScreen.storyboard */,
				CE6EAE871BD889300004DAD8 /* Info.plist */,
				CE8ED8C91C064604008CB40B /* ButtonManager.swift */,
			);
			path = GameApp;
			sourceTree = "<group>";
		};
		CE6EAE8F1BD889300004DAD8 /* GameAppTests */ = {
			isa = PBXGroup;
			children = (
				CE6EAE901BD889300004DAD8 /* GameAppTests.swift */,
				CE6EAE921BD889300004DAD8 /* Info.plist */,
			);
			path = GameAppTests;
			sourceTree = "<group>";
		};
		CE7B44671C6281C400FCA46E /* Networking */ = {
			isa = PBXGroup;
			children = (
				CE7B446A1C6282F000FCA46E /* MsgInst */,
				CE7B44611C62813400FCA46E /* NetworkableScene.swift */,
				CEF8858D1C69B76600C7A793 /* GameRole.swift */,
				CEF8858F1C69BCD800C7A793 /* GameMode.swift */,
				CE7B44681C6281D000FCA46E /* NetMessage.swift */,
				CE7B446D1C62848600FCA46E /* NetworkSinglton.swift */,
			);
			name = Networking;
			sourceTree = "<group>";
		};
		CE7B446A1C6282F000FCA46E /* MsgInst */ = {
			isa = PBXGroup;
			children = (
				CE7B446B1C6282FB00FCA46E /* LogInMsg.swift */,
				CE98B4561C6BD83200C90E79 /* NewBuilding.swift */,
				CEF8858B1C69B74E00C7A793 /* LogInRequestMsg.swift */,
			);
			name = MsgInst;
			sourceTree = "<group>";
		};
		CE8ED8B21C040DED008CB40B /* Products */ = {
			isa = PBXGroup;
			children = (
				CE8ED8BA1C040DED008CB40B /* Pods_GameApp.framework */,
				CE1988141C60B14D00CB80F3 /* Starscream.framework */,
				CE8ED8BC1C040DED008CB40B /* SwiftyJSON.framework */,
			);
			name = Products;
			sourceTree = "<group>";
		};
		CE8ED8CB1C06505B008CB40B /* Pigs */ = {
			isa = PBXGroup;
			children = (
				CE8ED8C11C06437F008CB40B /* FancyPig.swift */,
				CE07140E1C065C2E0062EEBF /* HatPig.swift */,
				CE0714091C065BE50062EEBF /* DirtyPig.swift */,
				CE8ED8CC1C0650C7008CB40B /* Pig.swift */,
			);
			name = Pigs;
			sourceTree = "<group>";
		};
		CE9A764B1BE702B000DDBF11 /* Tiles */ = {
			isa = PBXGroup;
			children = (
				CE9A764C1BE702D100DDBF11 /* Tile.swift */,
				CED264FD1BE772940022C033 /* AttackerTile.swift */,
				CED265091BE77D310022C033 /* GoalTile.swift */,
				CED264FF1BE772A00022C033 /* DefenderTile.swift */,
				CED265011BE772AA0022C033 /* MazeTile.swift */,
				CED265031BE772C30022C033 /* NonUsableTile.swift */,
				CED265051BE773930022C033 /* TileType.swift */,
				CED265071BE774040022C033 /* TileOpts.swift */,
			);
			name = Tiles;
			path = ..;
			sourceTree = "<group>";
		};
		CE9A76521BE7545E00DDBF11 /* Entities */ = {
			isa = PBXGroup;
			children = (
				CEE4AAB01C07BD2D00E64784 /* Ammo */,
				CE8ED8CB1C06505B008CB40B /* Pigs */,
				CED265141BE930890022C033 /* Buildings */,
				CED265131BE9307C0022C033 /* MazeUnits */,
				CED265171BE932DD0022C033 /* GameEntity.swift */,
				CE1C89EC1C0F97D600522C4F /* Animation.swift */,
			);
			name = Entities;
			path = ..;
			sourceTree = "<group>";
		};
		CE9A76551BE754B000DDBF11 /* Components */ = {
			isa = PBXGroup;
			children = (
				CE9A76561BE754BF00DDBF11 /* MovementComponent.swift */,
				CE8ED8CE1C0651A1008CB40B /* PigMoveComponent.swift */,
				CE9A76581BE755EC00DDBF11 /* VisualComponent.swift */,
				CED264FB1BE76EB30022C033 /* GridComponent.swift */,
				CED265191BE934C60022C033 /* TowerShootComponent.swift */,
			);
			name = Components;
			path = ..;
			sourceTree = "<group>";
		};
		CED265131BE9307C0022C033 /* MazeUnits */ = {
			isa = PBXGroup;
			children = (
				CE9A76531BE7547300DDBF11 /* Unit.swift */,
				CED264F91BE765420022C033 /* Orc.swift */,
				929B649D1C0F45DB002D7E41 /* Troll.swift */,
				929B649F1C0F4665002D7E41 /* Goblin.swift */,
			);
			name = MazeUnits;
			sourceTree = "<group>";
		};
		CED265141BE930890022C033 /* Buildings */ = {
			isa = PBXGroup;
			children = (
				CE1C89E61C0F4F7E00522C4F /* PowerSources */,
				929B648F1C0E7B27002D7E41 /* Spawners */,
				CE5516A21C0D494E008F04A9 /* Towers */,
				CED265111BE92B880022C033 /* Building.swift */,
				CED2651B1BE93A990022C033 /* Tower.swift */,
				929B64951C0E7BE2002D7E41 /* Spawner.swift */,
				CE1C89EA1C0F4F9E00522C4F /* PowerSource.swift */,
				CE1C89DE1C0EDA0F00522C4F /* FlagDown.swift */,
				CE1C89E31C0EDB1600522C4F /* FlagUp.swift */,
			);
			name = Buildings;
			sourceTree = "<group>";
		};
		CEE4AAB01C07BD2D00E64784 /* Ammo */ = {
			isa = PBXGroup;
			children = (
				CEE4AAB41C07BD3B00E64784 /* Ammo.swift */,
				CE0F00D31C0E23AE003EA598 /* CannonBall.swift */,
				CE0F00D81C0E23B6003EA598 /* FireBall.swift */,
				CE0F00DA1C0E23C3003EA598 /* IceBolt.swift */,
			);
			name = Ammo;
			sourceTree = "<group>";
		};
/* End PBXGroup section */

/* Begin PBXNativeTarget section */
		CE6EAE731BD889300004DAD8 /* GameApp */ = {
			isa = PBXNativeTarget;
			buildConfigurationList = CE6EAE951BD889300004DAD8 /* Build configuration list for PBXNativeTarget "GameApp" */;
			buildPhases = (
				6C3C7CA7384EF76572260AF3 /* Check Pods Manifest.lock */,
				CE6EAE701BD889300004DAD8 /* Sources */,
				CE6EAE711BD889300004DAD8 /* Frameworks */,
				CE6EAE721BD889300004DAD8 /* Resources */,
				F4CF5F5A15D73DC85B038F86 /* Embed Pods Frameworks */,
				48AECBFA56281C1E2A8480DC /* Copy Pods Resources */,
			);
			buildRules = (
			);
			dependencies = (
			);
			name = GameApp;
			productName = GameApp;
			productReference = CE6EAE741BD889300004DAD8 /* GameApp.app */;
			productType = "com.apple.product-type.application";
		};
		CE6EAE8B1BD889300004DAD8 /* GameAppTests */ = {
			isa = PBXNativeTarget;
			buildConfigurationList = CE6EAE981BD889300004DAD8 /* Build configuration list for PBXNativeTarget "GameAppTests" */;
			buildPhases = (
				CE6EAE881BD889300004DAD8 /* Sources */,
				CE6EAE891BD889300004DAD8 /* Frameworks */,
				CE6EAE8A1BD889300004DAD8 /* Resources */,
			);
			buildRules = (
			);
			dependencies = (
				CE6EAE8E1BD889300004DAD8 /* PBXTargetDependency */,
			);
			name = GameAppTests;
			productName = GameAppTests;
			productReference = CE6EAE8C1BD889300004DAD8 /* GameAppTests.xctest */;
			productType = "com.apple.product-type.bundle.unit-test";
		};
/* End PBXNativeTarget section */

/* Begin PBXProject section */
		CE6EAE6C1BD889300004DAD8 /* Project object */ = {
			isa = PBXProject;
			attributes = {
				LastUpgradeCheck = 0700;
				ORGANIZATIONNAME = Eric;
				TargetAttributes = {
					CE6EAE731BD889300004DAD8 = {
						CreatedOnToolsVersion = 7.0.1;
						DevelopmentTeam = F694LY6WDW;
					};
					CE6EAE8B1BD889300004DAD8 = {
						CreatedOnToolsVersion = 7.0.1;
						DevelopmentTeam = F694LY6WDW;
						TestTargetID = CE6EAE731BD889300004DAD8;
					};
				};
			};
			buildConfigurationList = CE6EAE6F1BD889300004DAD8 /* Build configuration list for PBXProject "GameApp" */;
			compatibilityVersion = "Xcode 3.2";
			developmentRegion = English;
			hasScannedForEncodings = 0;
			knownRegions = (
				en,
				Base,
			);
			mainGroup = CE6EAE6B1BD889300004DAD8;
			productRefGroup = CE6EAE751BD889300004DAD8 /* Products */;
			projectDirPath = "";
			projectReferences = (
				{
					ProductGroup = CE8ED8B21C040DED008CB40B /* Products */;
					ProjectRef = CE8ED8B11C040DED008CB40B /* Pods.xcodeproj */;
				},
			);
			projectRoot = "";
			targets = (
				CE6EAE731BD889300004DAD8 /* GameApp */,
				CE6EAE8B1BD889300004DAD8 /* GameAppTests */,
			);
		};
/* End PBXProject section */

/* Begin PBXReferenceProxy section */
		CE1988141C60B14D00CB80F3 /* Starscream.framework */ = {
			isa = PBXReferenceProxy;
			fileType = wrapper.framework;
			path = Starscream.framework;
			remoteRef = CE1988131C60B14D00CB80F3 /* PBXContainerItemProxy */;
			sourceTree = BUILT_PRODUCTS_DIR;
		};
		CE8ED8BA1C040DED008CB40B /* Pods_GameApp.framework */ = {
			isa = PBXReferenceProxy;
			fileType = wrapper.framework;
			path = Pods_GameApp.framework;
			remoteRef = CE8ED8B91C040DED008CB40B /* PBXContainerItemProxy */;
			sourceTree = BUILT_PRODUCTS_DIR;
		};
		CE8ED8BC1C040DED008CB40B /* SwiftyJSON.framework */ = {
			isa = PBXReferenceProxy;
			fileType = wrapper.framework;
			path = SwiftyJSON.framework;
			remoteRef = CE8ED8BB1C040DED008CB40B /* PBXContainerItemProxy */;
			sourceTree = BUILT_PRODUCTS_DIR;
		};
/* End PBXReferenceProxy section */

/* Begin PBXResourcesBuildPhase section */
		CE6EAE721BD889300004DAD8 /* Resources */ = {
			isa = PBXResourcesBuildPhase;
			buildActionMask = 2147483647;
			files = (
				CE6EAE7A1BD889300004DAD8 /* MainMenuScene.sks in Resources */,
				CE6EAE861BD889300004DAD8 /* LaunchScreen.storyboard in Resources */,
				CE6BF5B91C0D285800E7A79F /* Map.json in Resources */,
				CE6EAEA11BD89B670004DAD8 /* GameScene.sks in Resources */,
				CE6EAE831BD889300004DAD8 /* Assets.xcassets in Resources */,
				CE6EAE811BD889300004DAD8 /* Main.storyboard in Resources */,
			);
			runOnlyForDeploymentPostprocessing = 0;
		};
		CE6EAE8A1BD889300004DAD8 /* Resources */ = {
			isa = PBXResourcesBuildPhase;
			buildActionMask = 2147483647;
			files = (
			);
			runOnlyForDeploymentPostprocessing = 0;
		};
/* End PBXResourcesBuildPhase section */

/* Begin PBXShellScriptBuildPhase section */
		48AECBFA56281C1E2A8480DC /* Copy Pods Resources */ = {
			isa = PBXShellScriptBuildPhase;
			buildActionMask = 2147483647;
			files = (
			);
			inputPaths = (
			);
			name = "Copy Pods Resources";
			outputPaths = (
			);
			runOnlyForDeploymentPostprocessing = 0;
			shellPath = /bin/sh;
			shellScript = "\"${SRCROOT}/Pods/Target Support Files/Pods-GameApp/Pods-GameApp-resources.sh\"\n";
			showEnvVarsInLog = 0;
		};
		6C3C7CA7384EF76572260AF3 /* Check Pods Manifest.lock */ = {
			isa = PBXShellScriptBuildPhase;
			buildActionMask = 2147483647;
			files = (
			);
			inputPaths = (
			);
			name = "Check Pods Manifest.lock";
			outputPaths = (
			);
			runOnlyForDeploymentPostprocessing = 0;
			shellPath = /bin/sh;
			shellScript = "diff \"${PODS_ROOT}/../Podfile.lock\" \"${PODS_ROOT}/Manifest.lock\" > /dev/null\nif [[ $? != 0 ]] ; then\n    cat << EOM\nerror: The sandbox is not in sync with the Podfile.lock. Run 'pod install' or update your CocoaPods installation.\nEOM\n    exit 1\nfi\n";
			showEnvVarsInLog = 0;
		};
		F4CF5F5A15D73DC85B038F86 /* Embed Pods Frameworks */ = {
			isa = PBXShellScriptBuildPhase;
			buildActionMask = 2147483647;
			files = (
			);
			inputPaths = (
			);
			name = "Embed Pods Frameworks";
			outputPaths = (
			);
			runOnlyForDeploymentPostprocessing = 0;
			shellPath = /bin/sh;
			shellScript = "\"${SRCROOT}/Pods/Target Support Files/Pods-GameApp/Pods-GameApp-frameworks.sh\"\n";
			showEnvVarsInLog = 0;
		};
/* End PBXShellScriptBuildPhase section */

/* Begin PBXSourcesBuildPhase section */
		CE6EAE701BD889300004DAD8 /* Sources */ = {
			isa = PBXSourcesBuildPhase;
			buildActionMask = 2147483647;
			files = (
				CEE4AAB51C07BD3B00E64784 /* Ammo.swift in Sources */,
				A378E0771C0BB28100791979 /* DefenderPowerSource.swift in Sources */,
				CE0F00DB1C0E23C3003EA598 /* IceBolt.swift in Sources */,
				CE07140A1C065BE50062EEBF /* DirtyPig.swift in Sources */,
				CE1C89ED1C0F97D600522C4F /* Animation.swift in Sources */,
				CEF8858E1C69B76600C7A793 /* GameRole.swift in Sources */,
				CED264FE1BE772940022C033 /* AttackerTile.swift in Sources */,
				CE0F00D91C0E23B6003EA598 /* FireBall.swift in Sources */,
				CE7B44691C6281D000FCA46E /* NetMessage.swift in Sources */,
				CE7B446C1C6282FB00FCA46E /* LogInMsg.swift in Sources */,
				CEF8858C1C69B74E00C7A793 /* LogInRequestMsg.swift in Sources */,
				929B64941C0E7B4F002D7E41 /* OrcBuilding.swift in Sources */,
				CE1C89DF1C0EDA0F00522C4F /* FlagDown.swift in Sources */,
				CED264FC1BE76EB30022C033 /* GridComponent.swift in Sources */,
				CEF885901C69BCD800C7A793 /* GameMode.swift in Sources */,
				CE8ED8C21C06437F008CB40B /* FancyPig.swift in Sources */,
				929B649E1C0F45DB002D7E41 /* Troll.swift in Sources */,
				CE1C89E41C0EDB1600522C4F /* FlagUp.swift in Sources */,
				CE07140F1C065C2E0062EEBF /* HatPig.swift in Sources */,
				CED2650A1BE77D310022C033 /* GoalTile.swift in Sources */,
				929B64A01C0F4665002D7E41 /* Goblin.swift in Sources */,
				CED265061BE773930022C033 /* TileType.swift in Sources */,
				CE8ED8CA1C064604008CB40B /* ButtonManager.swift in Sources */,
				929B649A1C0E7CE7002D7E41 /* GoblinBuilding.swift in Sources */,
				CE6EAE7C1BD889300004DAD8 /* MainMenuScene.swift in Sources */,
				A378E07D1C0CEDF900791979 /* IceTower.swift in Sources */,
				CED265041BE772C30022C033 /* NonUsableTile.swift in Sources */,
				929B649C1C0E7D16002D7E41 /* TrollBuilding.swift in Sources */,
				CE0F00D41C0E23AE003EA598 /* CannonBall.swift in Sources */,
				929B64981C0E7C80002D7E41 /* AttackerPowerSource.swift in Sources */,
				CED265021BE772AA0022C033 /* MazeTile.swift in Sources */,
				CE9A76541BE7547300DDBF11 /* Unit.swift in Sources */,
				CE8ED8CD1C0650C7008CB40B /* Pig.swift in Sources */,
				CE6EAE7E1BD889300004DAD8 /* GameViewController.swift in Sources */,
				A378E0791C0CE5C300791979 /* RegularTower.swift in Sources */,
				A378E07B1C0CEDAB00791979 /* FireTower.swift in Sources */,
				CE9A76571BE754BF00DDBF11 /* MovementComponent.swift in Sources */,
				CE9A764D1BE702D100DDBF11 /* Tile.swift in Sources */,
				CE98B4571C6BD83200C90E79 /* NewBuilding.swift in Sources */,
				929B64961C0E7BE2002D7E41 /* Spawner.swift in Sources */,
				CED264FA1BE765420022C033 /* Orc.swift in Sources */,
				CE7B44621C62813400FCA46E /* NetworkableScene.swift in Sources */,
				CE7B446E1C62848600FCA46E /* NetworkSinglton.swift in Sources */,
				CE8ED8CF1C0651A1008CB40B /* PigMoveComponent.swift in Sources */,
				CED265121BE92B880022C033 /* Building.swift in Sources */,
				CED265001BE772A00022C033 /* DefenderTile.swift in Sources */,
				CED265181BE932DD0022C033 /* GameEntity.swift in Sources */,
				CE6EAE9C1BD88A3A0004DAD8 /* GameScene.swift in Sources */,
				CE1C89EB1C0F4F9E00522C4F /* PowerSource.swift in Sources */,
				CE6EAE781BD889300004DAD8 /* AppDelegate.swift in Sources */,
				CED2651C1BE93A990022C033 /* Tower.swift in Sources */,
				CED2651A1BE934C60022C033 /* TowerShootComponent.swift in Sources */,
				CED265081BE774040022C033 /* TileOpts.swift in Sources */,
				CE9A76591BE755EC00DDBF11 /* VisualComponent.swift in Sources */,
			);
			runOnlyForDeploymentPostprocessing = 0;
		};
		CE6EAE881BD889300004DAD8 /* Sources */ = {
			isa = PBXSourcesBuildPhase;
			buildActionMask = 2147483647;
			files = (
				CE6EAE911BD889300004DAD8 /* GameAppTests.swift in Sources */,
			);
			runOnlyForDeploymentPostprocessing = 0;
		};
/* End PBXSourcesBuildPhase section */

/* Begin PBXTargetDependency section */
		CE6EAE8E1BD889300004DAD8 /* PBXTargetDependency */ = {
			isa = PBXTargetDependency;
			target = CE6EAE731BD889300004DAD8 /* GameApp */;
			targetProxy = CE6EAE8D1BD889300004DAD8 /* PBXContainerItemProxy */;
		};
/* End PBXTargetDependency section */

/* Begin PBXVariantGroup section */
		CE6EAE7F1BD889300004DAD8 /* Main.storyboard */ = {
			isa = PBXVariantGroup;
			children = (
				CE6EAE801BD889300004DAD8 /* Base */,
			);
			name = Main.storyboard;
			sourceTree = "<group>";
		};
		CE6EAE841BD889300004DAD8 /* LaunchScreen.storyboard */ = {
			isa = PBXVariantGroup;
			children = (
				CE6EAE851BD889300004DAD8 /* Base */,
			);
			name = LaunchScreen.storyboard;
			sourceTree = "<group>";
		};
/* End PBXVariantGroup section */

/* Begin XCBuildConfiguration section */
		CE6EAE931BD889300004DAD8 /* Debug */ = {
			isa = XCBuildConfiguration;
			buildSettings = {
				ALWAYS_SEARCH_USER_PATHS = NO;
				CLANG_CXX_LANGUAGE_STANDARD = "gnu++0x";
				CLANG_CXX_LIBRARY = "libc++";
				CLANG_ENABLE_MODULES = YES;
				CLANG_ENABLE_OBJC_ARC = YES;
				CLANG_WARN_BOOL_CONVERSION = YES;
				CLANG_WARN_CONSTANT_CONVERSION = YES;
				CLANG_WARN_DIRECT_OBJC_ISA_USAGE = YES_ERROR;
				CLANG_WARN_EMPTY_BODY = YES;
				CLANG_WARN_ENUM_CONVERSION = YES;
				CLANG_WARN_INT_CONVERSION = YES;
				CLANG_WARN_OBJC_ROOT_CLASS = YES_ERROR;
				CLANG_WARN_UNREACHABLE_CODE = YES;
				CLANG_WARN__DUPLICATE_METHOD_MATCH = YES;
				"CODE_SIGN_IDENTITY[sdk=iphoneos*]" = "iPhone Developer";
				COPY_PHASE_STRIP = NO;
				DEBUG_INFORMATION_FORMAT = "dwarf-with-dsym";
				ENABLE_STRICT_OBJC_MSGSEND = YES;
				ENABLE_TESTABILITY = YES;
				GCC_C_LANGUAGE_STANDARD = gnu99;
				GCC_DYNAMIC_NO_PIC = NO;
				GCC_NO_COMMON_BLOCKS = YES;
				GCC_OPTIMIZATION_LEVEL = 0;
				GCC_PREPROCESSOR_DEFINITIONS = (
					"DEBUG=1",
					"$(inherited)",
				);
				GCC_WARN_64_TO_32_BIT_CONVERSION = YES;
				GCC_WARN_ABOUT_RETURN_TYPE = YES_ERROR;
				GCC_WARN_UNDECLARED_SELECTOR = YES;
				GCC_WARN_UNINITIALIZED_AUTOS = YES_AGGRESSIVE;
				GCC_WARN_UNUSED_FUNCTION = YES;
				GCC_WARN_UNUSED_VARIABLE = YES;
				IPHONEOS_DEPLOYMENT_TARGET = 9.0;
				MTL_ENABLE_DEBUG_INFO = YES;
				ONLY_ACTIVE_ARCH = YES;
				SDKROOT = iphoneos;
				SWIFT_OPTIMIZATION_LEVEL = "-Onone";
				TARGETED_DEVICE_FAMILY = "1,2";
			};
			name = Debug;
		};
		CE6EAE941BD889300004DAD8 /* Release */ = {
			isa = XCBuildConfiguration;
			buildSettings = {
				ALWAYS_SEARCH_USER_PATHS = NO;
				CLANG_CXX_LANGUAGE_STANDARD = "gnu++0x";
				CLANG_CXX_LIBRARY = "libc++";
				CLANG_ENABLE_MODULES = YES;
				CLANG_ENABLE_OBJC_ARC = YES;
				CLANG_WARN_BOOL_CONVERSION = YES;
				CLANG_WARN_CONSTANT_CONVERSION = YES;
				CLANG_WARN_DIRECT_OBJC_ISA_USAGE = YES_ERROR;
				CLANG_WARN_EMPTY_BODY = YES;
				CLANG_WARN_ENUM_CONVERSION = YES;
				CLANG_WARN_INT_CONVERSION = YES;
				CLANG_WARN_OBJC_ROOT_CLASS = YES_ERROR;
				CLANG_WARN_UNREACHABLE_CODE = YES;
				CLANG_WARN__DUPLICATE_METHOD_MATCH = YES;
				"CODE_SIGN_IDENTITY[sdk=iphoneos*]" = "iPhone Developer";
				COPY_PHASE_STRIP = NO;
				DEBUG_INFORMATION_FORMAT = "dwarf-with-dsym";
				ENABLE_NS_ASSERTIONS = NO;
				ENABLE_STRICT_OBJC_MSGSEND = YES;
				GCC_C_LANGUAGE_STANDARD = gnu99;
				GCC_NO_COMMON_BLOCKS = YES;
				GCC_WARN_64_TO_32_BIT_CONVERSION = YES;
				GCC_WARN_ABOUT_RETURN_TYPE = YES_ERROR;
				GCC_WARN_UNDECLARED_SELECTOR = YES;
				GCC_WARN_UNINITIALIZED_AUTOS = YES_AGGRESSIVE;
				GCC_WARN_UNUSED_FUNCTION = YES;
				GCC_WARN_UNUSED_VARIABLE = YES;
				IPHONEOS_DEPLOYMENT_TARGET = 9.0;
				MTL_ENABLE_DEBUG_INFO = NO;
				SDKROOT = iphoneos;
				TARGETED_DEVICE_FAMILY = "1,2";
				VALIDATE_PRODUCT = YES;
			};
			name = Release;
		};
		CE6EAE961BD889300004DAD8 /* Debug */ = {
			isa = XCBuildConfiguration;
			baseConfigurationReference = 48476AA86ED0656B97F1DE63 /* Pods-GameApp.debug.xcconfig */;
			buildSettings = {
				ASSETCATALOG_COMPILER_APPICON_NAME = AppIcon;
				CODE_SIGN_IDENTITY = "iPhone Developer";
				"CODE_SIGN_IDENTITY[sdk=iphoneos*]" = "iPhone Developer";
				INFOPLIST_FILE = GameApp/Info.plist;
				LD_RUNPATH_SEARCH_PATHS = "$(inherited) @executable_path/Frameworks";
				PRODUCT_BUNDLE_IDENTIFIER = Swincide.1.0;
				PRODUCT_NAME = "$(TARGET_NAME)";
				PROVISIONING_PROFILE = "";
				TARGETED_DEVICE_FAMILY = 1;
			};
			name = Debug;
		};
		CE6EAE971BD889300004DAD8 /* Release */ = {
			isa = XCBuildConfiguration;
			baseConfigurationReference = 56A704EA20C919B5C0A9879B /* Pods-GameApp.release.xcconfig */;
			buildSettings = {
				ASSETCATALOG_COMPILER_APPICON_NAME = AppIcon;
				CODE_SIGN_IDENTITY = "iPhone Developer";
				"CODE_SIGN_IDENTITY[sdk=iphoneos*]" = "iPhone Developer";
				INFOPLIST_FILE = GameApp/Info.plist;
				LD_RUNPATH_SEARCH_PATHS = "$(inherited) @executable_path/Frameworks";
				PRODUCT_BUNDLE_IDENTIFIER = Swincide.1.0;
				PRODUCT_NAME = "$(TARGET_NAME)";
				PROVISIONING_PROFILE = "";
				TARGETED_DEVICE_FAMILY = 1;
			};
			name = Release;
		};
		CE6EAE991BD889300004DAD8 /* Debug */ = {
			isa = XCBuildConfiguration;
			buildSettings = {
				BUNDLE_LOADER = "$(TEST_HOST)";
				DEBUG_INFORMATION_FORMAT = dwarf;
				INFOPLIST_FILE = GameAppTests/Info.plist;
				LD_RUNPATH_SEARCH_PATHS = "$(inherited) @executable_path/Frameworks @loader_path/Frameworks";
				PRODUCT_BUNDLE_IDENTIFIER = eric.eidelberg.GameAppTests;
				PRODUCT_NAME = "$(TARGET_NAME)";
				TEST_HOST = "$(BUILT_PRODUCTS_DIR)/GameApp.app/GameApp";
			};
			name = Debug;
		};
		CE6EAE9A1BD889300004DAD8 /* Release */ = {
			isa = XCBuildConfiguration;
			buildSettings = {
				BUNDLE_LOADER = "$(TEST_HOST)";
				INFOPLIST_FILE = GameAppTests/Info.plist;
				LD_RUNPATH_SEARCH_PATHS = "$(inherited) @executable_path/Frameworks @loader_path/Frameworks";
				PRODUCT_BUNDLE_IDENTIFIER = eric.eidelberg.GameAppTests;
				PRODUCT_NAME = "$(TARGET_NAME)";
				TEST_HOST = "$(BUILT_PRODUCTS_DIR)/GameApp.app/GameApp";
			};
			name = Release;
		};
/* End XCBuildConfiguration section */

/* Begin XCConfigurationList section */
		CE6EAE6F1BD889300004DAD8 /* Build configuration list for PBXProject "GameApp" */ = {
			isa = XCConfigurationList;
			buildConfigurations = (
				CE6EAE931BD889300004DAD8 /* Debug */,
				CE6EAE941BD889300004DAD8 /* Release */,
			);
			defaultConfigurationIsVisible = 0;
			defaultConfigurationName = Release;
		};
		CE6EAE951BD889300004DAD8 /* Build configuration list for PBXNativeTarget "GameApp" */ = {
			isa = XCConfigurationList;
			buildConfigurations = (
				CE6EAE961BD889300004DAD8 /* Debug */,
				CE6EAE971BD889300004DAD8 /* Release */,
			);
			defaultConfigurationIsVisible = 0;
			defaultConfigurationName = Release;
		};
		CE6EAE981BD889300004DAD8 /* Build configuration list for PBXNativeTarget "GameAppTests" */ = {
			isa = XCConfigurationList;
			buildConfigurations = (
				CE6EAE991BD889300004DAD8 /* Debug */,
				CE6EAE9A1BD889300004DAD8 /* Release */,
			);
			defaultConfigurationIsVisible = 0;
			defaultConfigurationName = Release;
		};
/* End XCConfigurationList section */
	};
	rootObject = CE6EAE6C1BD889300004DAD8 /* Project object */;
}
